
Microsoft Visual Studio Solution File, Format Version 12.00
# Visual Studio Version 16
VisualStudioVersion = 16.0.28729.10
MinimumVisualStudioVersion = 10.0.40219.1
Project("{9A19103F-16F7-4668-BE54-9A1E7A4F7556}") = "TeleportationPlugin", "src\TeleportationPlugin.csproj", "{76496500-2BE5-4B5F-9F3F-247ED5CF3DB6}"
EndProject
Global
	GlobalSection(SolutionConfigurationPlatforms) = preSolution
		Debug|Any CPU = Debug|Any CPU
		Release|Any CPU = Release|Any CPU
	EndGlobalSection
	GlobalSection(ProjectConfigurationPlatforms) = postSolution
		{76496500-2BE5-4B5F-9F3F-247ED5CF3DB6}.Debug|Any CPU.ActiveCfg = Debug|Any CPU
		{76496500-2BE5-4B5F-9F3F-247ED5CF3DB6}.Debug|Any CPU.Build.0 = Debug|Any CPU
		{76496500-2BE5-4B5F-9F3F-247ED5CF3DB6}.Release|Any CPU.ActiveCfg = Release|Any CPU
		{76496500-2BE5-4B5F-9F3F-247ED5CF3DB6}.Release|Any CPU.Build.0 = Release|Any CPU
	EndGlobalSection
	GlobalSection(SolutionProperties) = preSolution
		HideSolutionNode = FALSE
	EndGlobalSection
	GlobalSection(ExtensibilityGlobals) = postSolution
		SolutionGuid = {E25763FB-C005-4C3F-88C4-DEC5B0C286F2}
	EndGlobalSection
EndGlobal
