
Microsoft Visual Studio Solution File, Format Version 12.00
# Visual Studio Version 16
VisualStudioVersion = 16.0.29230.47
MinimumVisualStudioVersion = 10.0.40219.1
Project("{FAE04EC0-301F-11D3-BF4B-00C04F79EFBC}") = "Teleportation", "Teleportation.csproj", "{280EB6D1-1757-433B-B40E-052433CD69E6}"
EndProject
Global
	GlobalSection(SolutionConfigurationPlatforms) = preSolution
		Debug|Any CPU = Debug|Any CPU
		Release|Any CPU = Release|Any CPU
	EndGlobalSection
	GlobalSection(ProjectConfigurationPlatforms) = postSolution
		{280EB6D1-1757-433B-B40E-052433CD69E6}.Debug|Any CPU.ActiveCfg = Debug|Any CPU
		{280EB6D1-1757-433B-B40E-052433CD69E6}.Debug|Any CPU.Build.0 = Debug|Any CPU
		{280EB6D1-1757-433B-B40E-052433CD69E6}.Release|Any CPU.ActiveCfg = Release|Any CPU
		{280EB6D1-1757-433B-B40E-052433CD69E6}.Release|Any CPU.Build.0 = Release|Any CPU
	EndGlobalSection
	GlobalSection(SolutionProperties) = preSolution
		HideSolutionNode = FALSE
	EndGlobalSection
	GlobalSection(ExtensibilityGlobals) = postSolution
		SolutionGuid = {FFC1D564-BCE2-48C7-B864-EB6C4D6EE6C0}
	EndGlobalSection
EndGlobal
